
Microsoft Visual Studio Solution File, Format Version 12.00
# Visual Studio 15
VisualStudioVersion = 15.0.26228.64
MinimumVisualStudioVersion = 10.0.40219.1
Project("{FAE04EC0-301F-11D3-BF4B-00C04F79EFBC}") = "Texticular", "Texticular\Texticular.csproj", "{1E1BE408-7D71-40EA-AAB0-367101F129DA}"
EndProject
Project("{FAE04EC0-301F-11D3-BF4B-00C04F79EFBC}") = "TexticularTests", "TexticularTests\TexticularTests.csproj", "{8F397EB9-CB41-4F0B-AABD-36DFBDC1C881}"
EndProject
Global
	GlobalSection(SolutionConfigurationPlatforms) = preSolution
		Debug|Any CPU = Debug|Any CPU
		Debug|ARM = Debug|ARM
		Debug|x64 = Debug|x64
		Debug|x86 = Debug|x86
		Release|Any CPU = Release|Any CPU
		Release|ARM = Release|ARM
		Release|x64 = Release|x64
		Release|x86 = Release|x86
	EndGlobalSection
	GlobalSection(ProjectConfigurationPlatforms) = postSolution
		{1E1BE408-7D71-40EA-AAB0-367101F129DA}.Debug|Any CPU.ActiveCfg = Debug|Any CPU
		{1E1BE408-7D71-40EA-AAB0-367101F129DA}.Debug|Any CPU.Build.0 = Debug|Any CPU
		{1E1BE408-7D71-40EA-AAB0-367101F129DA}.Debug|ARM.ActiveCfg = Debug|Any CPU
		{1E1BE408-7D71-40EA-AAB0-367101F129DA}.Debug|ARM.Build.0 = Debug|Any CPU
		{1E1BE408-7D71-40EA-AAB0-367101F129DA}.Debug|x64.ActiveCfg = Debug|Any CPU
		{1E1BE408-7D71-40EA-AAB0-367101F129DA}.Debug|x64.Build.0 = Debug|Any CPU
		{1E1BE408-7D71-40EA-AAB0-367101F129DA}.Debug|x86.ActiveCfg = Debug|Any CPU
		{1E1BE408-7D71-40EA-AAB0-367101F129DA}.Debug|x86.Build.0 = Debug|Any CPU
		{1E1BE408-7D71-40EA-AAB0-367101F129DA}.Release|Any CPU.ActiveCfg = Release|Any CPU
		{1E1BE408-7D71-40EA-AAB0-367101F129DA}.Release|Any CPU.Build.0 = Release|Any CPU
		{1E1BE408-7D71-40EA-AAB0-367101F129DA}.Release|ARM.ActiveCfg = Release|Any CPU
		{1E1BE408-7D71-40EA-AAB0-367101F129DA}.Release|ARM.Build.0 = Release|Any CPU
		{1E1BE408-7D71-40EA-AAB0-367101F129DA}.Release|x64.ActiveCfg = Release|Any CPU
		{1E1BE408-7D71-40EA-AAB0-367101F129DA}.Release|x64.Build.0 = Release|Any CPU
		{1E1BE408-7D71-40EA-AAB0-367101F129DA}.Release|x86.ActiveCfg = Release|Any CPU
		{1E1BE408-7D71-40EA-AAB0-367101F129DA}.Release|x86.Build.0 = Release|Any CPU
		{8F397EB9-CB41-4F0B-AABD-36DFBDC1C881}.Debug|Any CPU.ActiveCfg = Debug|Any CPU
		{8F397EB9-CB41-4F0B-AABD-36DFBDC1C881}.Debug|Any CPU.Build.0 = Debug|Any CPU
		{8F397EB9-CB41-4F0B-AABD-36DFBDC1C881}.Debug|ARM.ActiveCfg = Debug|Any CPU
		{8F397EB9-CB41-4F0B-AABD-36DFBDC1C881}.Debug|ARM.Build.0 = Debug|Any CPU
		{8F397EB9-CB41-4F0B-AABD-36DFBDC1C881}.Debug|x64.ActiveCfg = Debug|Any CPU
		{8F397EB9-CB41-4F0B-AABD-36DFBDC1C881}.Debug|x64.Build.0 = Debug|Any CPU
		{8F397EB9-CB41-4F0B-AABD-36DFBDC1C881}.Debug|x86.ActiveCfg = Debug|Any CPU
		{8F397EB9-CB41-4F0B-AABD-36DFBDC1C881}.Debug|x86.Build.0 = Debug|Any CPU
		{8F397EB9-CB41-4F0B-AABD-36DFBDC1C881}.Release|Any CPU.ActiveCfg = Release|Any CPU
		{8F397EB9-CB41-4F0B-AABD-36DFBDC1C881}.Release|Any CPU.Build.0 = Release|Any CPU
		{8F397EB9-CB41-4F0B-AABD-36DFBDC1C881}.Release|ARM.ActiveCfg = Release|Any CPU
		{8F397EB9-CB41-4F0B-AABD-36DFBDC1C881}.Release|ARM.Build.0 = Release|Any CPU
		{8F397EB9-CB41-4F0B-AABD-36DFBDC1C881}.Release|x64.ActiveCfg = Release|Any CPU
		{8F397EB9-CB41-4F0B-AABD-36DFBDC1C881}.Release|x64.Build.0 = Release|Any CPU
		{8F397EB9-CB41-4F0B-AABD-36DFBDC1C881}.Release|x86.ActiveCfg = Release|Any CPU
		{8F397EB9-CB41-4F0B-AABD-36DFBDC1C881}.Release|x86.Build.0 = Release|Any CPU
	EndGlobalSection
	GlobalSection(SolutionProperties) = preSolution
		HideSolutionNode = FALSE
	EndGlobalSection
	GlobalSection(ExtensibilityGlobals) = postSolution
		SolutionGuid = {F993EC5E-142A-4385-B8D6-519FB9A564A1}
	EndGlobalSection
EndGlobal
